
Microsoft Visual Studio Solution File, Format Version 12.00
# Visual Studio Version 16
VisualStudioVersion = 16.0.30717.126
MinimumVisualStudioVersion = 10.0.40219.1
Project("{FAE04EC0-301F-11D3-BF4B-00C04F79EFBC}") = "TableView", "TableView\TableView.csproj", "{7EF58920-28E2-4B70-B311-DB473D8E6BD1}"
EndProject
Project("{FAE04EC0-301F-11D3-BF4B-00C04F79EFBC}") = "TableView.Test", "TableView.Test\TableView.Test.csproj", "{D0EB059B-22DB-4ECE-8677-023DA287B2E5}"
EndProject
Global
	GlobalSection(SolutionConfigurationPlatforms) = preSolution
		Debug|Any CPU = Debug|Any CPU
		Release|Any CPU = Release|Any CPU
	EndGlobalSection
	GlobalSection(ProjectConfigurationPlatforms) = postSolution
		{7EF58920-28E2-4B70-B311-DB473D8E6BD1}.Debug|Any CPU.ActiveCfg = Debug|Any CPU
		{7EF58920-28E2-4B70-B311-DB473D8E6BD1}.Debug|Any CPU.Build.0 = Debug|Any CPU
		{7EF58920-28E2-4B70-B311-DB473D8E6BD1}.Release|Any CPU.ActiveCfg = Release|Any CPU
		{7EF58920-28E2-4B70-B311-DB473D8E6BD1}.Release|Any CPU.Build.0 = Release|Any CPU
		{D0EB059B-22DB-4ECE-8677-023DA287B2E5}.Debug|Any CPU.ActiveCfg = Debug|Any CPU
		{D0EB059B-22DB-4ECE-8677-023DA287B2E5}.Debug|Any CPU.Build.0 = Debug|Any CPU
		{D0EB059B-22DB-4ECE-8677-023DA287B2E5}.Release|Any CPU.ActiveCfg = Release|Any CPU
		{D0EB059B-22DB-4ECE-8677-023DA287B2E5}.Release|Any CPU.Build.0 = Release|Any CPU
	EndGlobalSection
	GlobalSection(SolutionProperties) = preSolution
		HideSolutionNode = FALSE
	EndGlobalSection
	GlobalSection(ExtensibilityGlobals) = postSolution
		SolutionGuid = {B0957DCF-5709-43B8-90FF-82C8E5CAF5DA}
	EndGlobalSection
EndGlobal
